
Microsoft Visual Studio Solution File, Format Version 11.00
# Visual Studio 2010
Project("{FAE04EC0-301F-11D3-BF4B-00C04F79EFBC}") = "TankGame", "TankGame\TankGame\TankGame.csproj", "{FB58C24C-D169-4FA9-94C4-CF3DC4D6E283}"
EndProject
Project("{96E2B04D-8817-42C6-938A-82C39BA4D311}") = "TankGameContent", "TankGame\TankGameContent\TankGameContent.contentproj", "{712C5195-6B8E-4981-90E8-BAC1C2F3ED93}"
EndProject
Global
	GlobalSection(SolutionConfigurationPlatforms) = preSolution
		Debug|x86 = Debug|x86
		Release|x86 = Release|x86
	EndGlobalSection
	GlobalSection(ProjectConfigurationPlatforms) = postSolution
		{FB58C24C-D169-4FA9-94C4-CF3DC4D6E283}.Debug|x86.ActiveCfg = Debug|x86
		{FB58C24C-D169-4FA9-94C4-CF3DC4D6E283}.Debug|x86.Build.0 = Debug|x86
		{FB58C24C-D169-4FA9-94C4-CF3DC4D6E283}.Release|x86.ActiveCfg = Release|x86
		{FB58C24C-D169-4FA9-94C4-CF3DC4D6E283}.Release|x86.Build.0 = Release|x86
		{712C5195-6B8E-4981-90E8-BAC1C2F3ED93}.Debug|x86.ActiveCfg = Debug|x86
		{712C5195-6B8E-4981-90E8-BAC1C2F3ED93}.Release|x86.ActiveCfg = Release|x86
	EndGlobalSection
	GlobalSection(SolutionProperties) = preSolution
		HideSolutionNode = FALSE
	EndGlobalSection
EndGlobal
